// !$*UTF8*$!
{
	archiveVersion = 1;
	classes = {
	};
	objectVersion = 50;
	objects = {

/* Begin PBXBuildFile section */
		8320149125DFBEAA007CD02A /* song.mp3 in Resources */ = {isa = PBXBuildFile; fileRef = 8320149025DFBEAA007CD02A /* song.mp3 */; };
		8320149425DFC070007CD02A /* PlayerView.swift in Sources */ = {isa = PBXBuildFile; fileRef = 8320149325DFC070007CD02A /* PlayerView.swift */; };
		83CD56C925DE399F00DE1741 /* AppDelegate.swift in Sources */ = {isa = PBXBuildFile; fileRef = 83CD56C825DE399F00DE1741 /* AppDelegate.swift */; };
		83CD56CB25DE399F00DE1741 /* SceneDelegate.swift in Sources */ = {isa = PBXBuildFile; fileRef = 83CD56CA25DE399F00DE1741 /* SceneDelegate.swift */; };
		83CD56CD25DE399F00DE1741 /* ContentView.swift in Sources */ = {isa = PBXBuildFile; fileRef = 83CD56CC25DE399F00DE1741 /* ContentView.swift */; };
		83CD56CF25DE39A100DE1741 /* Assets.xcassets in Resources */ = {isa = PBXBuildFile; fileRef = 83CD56CE25DE39A100DE1741 /* Assets.xcassets */; };
		83CD56D225DE39A100DE1741 /* Preview Assets.xcassets in Resources */ = {isa = PBXBuildFile; fileRef = 83CD56D125DE39A100DE1741 /* Preview Assets.xcassets */; };
		83CD56D525DE39A100DE1741 /* LaunchScreen.storyboard in Resources */ = {isa = PBXBuildFile; fileRef = 83CD56D325DE39A100DE1741 /* LaunchScreen.storyboard */; };
		83CD56DF25DE3AA500DE1741 /* inv.xcdatamodeld in Sources */ = {isa = PBXBuildFile; fileRef = 83CD56DD25DE3AA500DE1741 /* inv.xcdatamodeld */; };
		83CD56E325DE3E8A00DE1741 /* TextStyle.swift in Sources */ = {isa = PBXBuildFile; fileRef = 83CD56E225DE3E8A00DE1741 /* TextStyle.swift */; };
		83CD56E825DE422100DE1741 /* RadioButtonField.swift in Sources */ = {isa = PBXBuildFile; fileRef = 83CD56E725DE422100DE1741 /* RadioButtonField.swift */; };
		83CD56EB25DE429000DE1741 /* RadioButtonGroups.swift in Sources */ = {isa = PBXBuildFile; fileRef = 83CD56EA25DE429000DE1741 /* RadioButtonGroups.swift */; };
		83CD56F125DE468D00DE1741 /* CustomColor.swift in Sources */ = {isa = PBXBuildFile; fileRef = 83CD56F025DE468D00DE1741 /* CustomColor.swift */; };
		83CD570625DE749600DE1741 /* LoginView.swift in Sources */ = {isa = PBXBuildFile; fileRef = 83CD570525DE749600DE1741 /* LoginView.swift */; };
		83CD570A25DE895900DE1741 /* MainView.swift in Sources */ = {isa = PBXBuildFile; fileRef = 83CD570925DE895900DE1741 /* MainView.swift */; };
/* End PBXBuildFile section */

/* Begin PBXFileReference section */
		8320149025DFBEAA007CD02A /* song.mp3 */ = {isa = PBXFileReference; lastKnownFileType = audio.mp3; path = song.mp3; sourceTree = "<group>"; };
		8320149325DFC070007CD02A /* PlayerView.swift */ = {isa = PBXFileReference; lastKnownFileType = sourcecode.swift; path = PlayerView.swift; sourceTree = "<group>"; };
		83CD56C525DE399F00DE1741 /* SwiftUILearning.app */ = {isa = PBXFileReference; explicitFileType = wrapper.application; includeInIndex = 0; path = SwiftUILearning.app; sourceTree = BUILT_PRODUCTS_DIR; };
		83CD56C825DE399F00DE1741 /* AppDelegate.swift */ = {isa = PBXFileReference; lastKnownFileType = sourcecode.swift; path = AppDelegate.swift; sourceTree = "<group>"; };
		83CD56CA25DE399F00DE1741 /* SceneDelegate.swift */ = {isa = PBXFileReference; lastKnownFileType = sourcecode.swift; path = SceneDelegate.swift; sourceTree = "<group>"; };
		83CD56CC25DE399F00DE1741 /* ContentView.swift */ = {isa = PBXFileReference; lastKnownFileType = sourcecode.swift; path = ContentView.swift; sourceTree = "<group>"; };
		83CD56CE25DE39A100DE1741 /* Assets.xcassets */ = {isa = PBXFileReference; lastKnownFileType = folder.assetcatalog; path = Assets.xcassets; sourceTree = "<group>"; };
		83CD56D125DE39A100DE1741 /* Preview Assets.xcassets */ = {isa = PBXFileReference; lastKnownFileType = folder.assetcatalog; path = "Preview Assets.xcassets"; sourceTree = "<group>"; };
		83CD56D425DE39A100DE1741 /* Base */ = {isa = PBXFileReference; lastKnownFileType = file.storyboard; name = Base; path = Base.lproj/LaunchScreen.storyboard; sourceTree = "<group>"; };
		83CD56D625DE39A100DE1741 /* Info.plist */ = {isa = PBXFileReference; lastKnownFileType = text.plist.xml; path = Info.plist; sourceTree = "<group>"; };
		83CD56DE25DE3AA500DE1741 /* inv.xcdatamodel */ = {isa = PBXFileReference; lastKnownFileType = wrapper.xcdatamodel; path = inv.xcdatamodel; sourceTree = "<group>"; };
		83CD56E225DE3E8A00DE1741 /* TextStyle.swift */ = {isa = PBXFileReference; lastKnownFileType = sourcecode.swift; path = TextStyle.swift; sourceTree = "<group>"; };
		83CD56E725DE422100DE1741 /* RadioButtonField.swift */ = {isa = PBXFileReference; lastKnownFileType = sourcecode.swift; path = RadioButtonField.swift; sourceTree = "<group>"; };
		83CD56EA25DE429000DE1741 /* RadioButtonGroups.swift */ = {isa = PBXFileReference; lastKnownFileType = sourcecode.swift; path = RadioButtonGroups.swift; sourceTree = "<group>"; };
		83CD56F025DE468D00DE1741 /* CustomColor.swift */ = {isa = PBXFileReference; lastKnownFileType = sourcecode.swift; path = CustomColor.swift; sourceTree = "<group>"; };
		83CD570525DE749600DE1741 /* LoginView.swift */ = {isa = PBXFileReference; lastKnownFileType = sourcecode.swift; path = LoginView.swift; sourceTree = "<group>"; };
		83CD570925DE895900DE1741 /* MainView.swift */ = {isa = PBXFileReference; lastKnownFileType = sourcecode.swift; path = MainView.swift; sourceTree = "<group>"; };
/* End PBXFileReference section */

/* Begin PBXFrameworksBuildPhase section */
		83CD56C225DE399F00DE1741 /* Frameworks */ = {
			isa = PBXFrameworksBuildPhase;
			buildActionMask = 2147483647;
			files = (
			);
			runOnlyForDeploymentPostprocessing = 0;
		};
/* End PBXFrameworksBuildPhase section */

/* Begin PBXGroup section */
		8320148F25DFBE82007CD02A /* MP3Example */ = {
			isa = PBXGroup;
			children = (
				8320149325DFC070007CD02A /* PlayerView.swift */,
			);
			path = MP3Example;
			sourceTree = "<group>";
		};
		83CD56BC25DE399F00DE1741 = {
			isa = PBXGroup;
			children = (
				83CD56C725DE399F00DE1741 /* SwiftUILearning */,
				83CD56C625DE399F00DE1741 /* Products */,
			);
			sourceTree = "<group>";
		};
		83CD56C625DE399F00DE1741 /* Products */ = {
			isa = PBXGroup;
			children = (
				83CD56C525DE399F00DE1741 /* SwiftUILearning.app */,
			);
			name = Products;
			sourceTree = "<group>";
		};
		83CD56C725DE399F00DE1741 /* SwiftUILearning */ = {
			isa = PBXGroup;
			children = (
				8320148F25DFBE82007CD02A /* MP3Example */,
				83CD570425DE748100DE1741 /* Views */,
				83CD56E625DE420A00DE1741 /* Helpers */,
				83CD56E125DE3E6D00DE1741 /* Extensions */,
				83CD56C825DE399F00DE1741 /* AppDelegate.swift */,
				83CD56CA25DE399F00DE1741 /* SceneDelegate.swift */,
				83CD56CC25DE399F00DE1741 /* ContentView.swift */,
				8320149025DFBEAA007CD02A /* song.mp3 */,
				83CD56CE25DE39A100DE1741 /* Assets.xcassets */,
				83CD56D325DE39A100DE1741 /* LaunchScreen.storyboard */,
				83CD56D625DE39A100DE1741 /* Info.plist */,
				83CD56D025DE39A100DE1741 /* Preview Content */,
				83CD56DD25DE3AA500DE1741 /* inv.xcdatamodeld */,
			);
			path = SwiftUILearning;
			sourceTree = "<group>";
		};
		83CD56D025DE39A100DE1741 /* Preview Content */ = {
			isa = PBXGroup;
			children = (
				83CD56D125DE39A100DE1741 /* Preview Assets.xcassets */,
			);
			path = "Preview Content";
			sourceTree = "<group>";
		};
		83CD56E125DE3E6D00DE1741 /* Extensions */ = {
			isa = PBXGroup;
			children = (
				83CD56E225DE3E8A00DE1741 /* TextStyle.swift */,
			);
			path = Extensions;
			sourceTree = "<group>";
		};
		83CD56E625DE420A00DE1741 /* Helpers */ = {
			isa = PBXGroup;
			children = (
				83CD56E725DE422100DE1741 /* RadioButtonField.swift */,
				83CD56EA25DE429000DE1741 /* RadioButtonGroups.swift */,
				83CD56F025DE468D00DE1741 /* CustomColor.swift */,
			);
			path = Helpers;
			sourceTree = "<group>";
		};
		83CD570425DE748100DE1741 /* Views */ = {
			isa = PBXGroup;
			children = (
				83CD570525DE749600DE1741 /* LoginView.swift */,
				83CD570925DE895900DE1741 /* MainView.swift */,
			);
			path = Views;
			sourceTree = "<group>";
		};
/* End PBXGroup section */

/* Begin PBXNativeTarget section */
		83CD56C425DE399F00DE1741 /* SwiftUILearning */ = {
			isa = PBXNativeTarget;
			buildConfigurationList = 83CD56D925DE39A100DE1741 /* Build configuration list for PBXNativeTarget "SwiftUILearning" */;
			buildPhases = (
				83CD56C125DE399F00DE1741 /* Sources */,
				83CD56C225DE399F00DE1741 /* Frameworks */,
				83CD56C325DE399F00DE1741 /* Resources */,
			);
			buildRules = (
			);
			dependencies = (
			);
			name = SwiftUILearning;
			productName = SwiftUILearning;
			productReference = 83CD56C525DE399F00DE1741 /* SwiftUILearning.app */;
			productType = "com.apple.product-type.application";
		};
/* End PBXNativeTarget section */

/* Begin PBXProject section */
		83CD56BD25DE399F00DE1741 /* Project object */ = {
			isa = PBXProject;
			attributes = {
				LastSwiftUpdateCheck = 1230;
				LastUpgradeCheck = 1230;
				TargetAttributes = {
					83CD56C425DE399F00DE1741 = {
						CreatedOnToolsVersion = 12.3;
					};
				};
			};
			buildConfigurationList = 83CD56C025DE399F00DE1741 /* Build configuration list for PBXProject "SwiftUILearning" */;
			compatibilityVersion = "Xcode 9.3";
			developmentRegion = en;
			hasScannedForEncodings = 0;
			knownRegions = (
				en,
				Base,
			);
			mainGroup = 83CD56BC25DE399F00DE1741;
			productRefGroup = 83CD56C625DE399F00DE1741 /* Products */;
			projectDirPath = "";
			projectRoot = "";
			targets = (
				83CD56C425DE399F00DE1741 /* SwiftUILearning */,
			);
		};
/* End PBXProject section */

/* Begin PBXResourcesBuildPhase section */
		83CD56C325DE399F00DE1741 /* Resources */ = {
			isa = PBXResourcesBuildPhase;
			buildActionMask = 2147483647;
			files = (
				83CD56D525DE39A100DE1741 /* LaunchScreen.storyboard in Resources */,
				8320149125DFBEAA007CD02A /* song.mp3 in Resources */,
				83CD56D225DE39A100DE1741 /* Preview Assets.xcassets in Resources */,
				83CD56CF25DE39A100DE1741 /* Assets.xcassets in Resources */,
			);
			runOnlyForDeploymentPostprocessing = 0;
		};
/* End PBXResourcesBuildPhase section */

/* Begin PBXSourcesBuildPhase section */
		83CD56C125DE399F00DE1741 /* Sources */ = {
			isa = PBXSourcesBuildPhase;
			buildActionMask = 2147483647;
			files = (
				83CD56E825DE422100DE1741 /* RadioButtonField.swift in Sources */,
				83CD56E325DE3E8A00DE1741 /* TextStyle.swift in Sources */,
				83CD56C925DE399F00DE1741 /* AppDelegate.swift in Sources */,
				8320149425DFC070007CD02A /* PlayerView.swift in Sources */,
				83CD570A25DE895900DE1741 /* MainView.swift in Sources */,
				83CD570625DE749600DE1741 /* LoginView.swift in Sources */,
				83CD56DF25DE3AA500DE1741 /* inv.xcdatamodeld in Sources */,
				83CD56EB25DE429000DE1741 /* RadioButtonGroups.swift in Sources */,
				83CD56CB25DE399F00DE1741 /* SceneDelegate.swift in Sources */,
				83CD56F125DE468D00DE1741 /* CustomColor.swift in Sources */,
				83CD56CD25DE399F00DE1741 /* ContentView.swift in Sources */,
			);
			runOnlyForDeploymentPostprocessing = 0;
		};
/* End PBXSourcesBuildPhase section */

/* Begin PBXVariantGroup section */
		83CD56D325DE39A100DE1741 /* LaunchScreen.storyboard */ = {
			isa = PBXVariantGroup;
			children = (
				83CD56D425DE39A100DE1741 /* Base */,
			);
			name = LaunchScreen.storyboard;
			sourceTree = "<group>";
		};
/* End PBXVariantGroup section */

/* Begin XCBuildConfiguration section */
		83CD56D725DE39A100DE1741 /* Debug */ = {
			isa = XCBuildConfiguration;
			buildSettings = {
				ALWAYS_SEARCH_USER_PATHS = NO;
				CLANG_ANALYZER_NONNULL = YES;
				CLANG_ANALYZER_NUMBER_OBJECT_CONVERSION = YES_AGGRESSIVE;
				CLANG_CXX_LANGUAGE_STANDARD = "gnu++14";
				CLANG_CXX_LIBRARY = "libc++";
				CLANG_ENABLE_MODULES = YES;
				CLANG_ENABLE_OBJC_ARC = YES;
				CLANG_ENABLE_OBJC_WEAK = YES;
				CLANG_WARN_BLOCK_CAPTURE_AUTORELEASING = YES;
				CLANG_WARN_BOOL_CONVERSION = YES;
				CLANG_WARN_COMMA = YES;
				CLANG_WARN_CONSTANT_CONVERSION = YES;
				CLANG_WARN_DEPRECATED_OBJC_IMPLEMENTATIONS = YES;
				CLANG_WARN_DIRECT_OBJC_ISA_USAGE = YES_ERROR;
				CLANG_WARN_DOCUMENTATION_COMMENTS = YES;
				CLANG_WARN_EMPTY_BODY = YES;
				CLANG_WARN_ENUM_CONVERSION = YES;
				CLANG_WARN_INFINITE_RECURSION = YES;
				CLANG_WARN_INT_CONVERSION = YES;
				CLANG_WARN_NON_LITERAL_NULL_CONVERSION = YES;
				CLANG_WARN_OBJC_IMPLICIT_RETAIN_SELF = YES;
				CLANG_WARN_OBJC_LITERAL_CONVERSION = YES;
				CLANG_WARN_OBJC_ROOT_CLASS = YES_ERROR;
				CLANG_WARN_QUOTED_INCLUDE_IN_FRAMEWORK_HEADER = YES;
				CLANG_WARN_RANGE_LOOP_ANALYSIS = YES;
				CLANG_WARN_STRICT_PROTOTYPES = YES;
				CLANG_WARN_SUSPICIOUS_MOVE = YES;
				CLANG_WARN_UNGUARDED_AVAILABILITY = YES_AGGRESSIVE;
				CLANG_WARN_UNREACHABLE_CODE = YES;
				CLANG_WARN__DUPLICATE_METHOD_MATCH = YES;
				COPY_PHASE_STRIP = NO;
				DEBUG_INFORMATION_FORMAT = dwarf;
				ENABLE_STRICT_OBJC_MSGSEND = YES;
				ENABLE_TESTABILITY = YES;
				GCC_C_LANGUAGE_STANDARD = gnu11;
				GCC_DYNAMIC_NO_PIC = NO;
				GCC_NO_COMMON_BLOCKS = YES;
				GCC_OPTIMIZATION_LEVEL = 0;
				GCC_PREPROCESSOR_DEFINITIONS = (
					"DEBUG=1",
					"$(inherited)",
				);
				GCC_WARN_64_TO_32_BIT_CONVERSION = YES;
				GCC_WARN_ABOUT_RETURN_TYPE = YES_ERROR;
				GCC_WARN_UNDECLARED_SELECTOR = YES;
				GCC_WARN_UNINITIALIZED_AUTOS = YES_AGGRESSIVE;
				GCC_WARN_UNUSED_FUNCTION = YES;
				GCC_WARN_UNUSED_VARIABLE = YES;
				IPHONEOS_DEPLOYMENT_TARGET = 14.3;
				MTL_ENABLE_DEBUG_INFO = INCLUDE_SOURCE;
				MTL_FAST_MATH = YES;
				ONLY_ACTIVE_ARCH = YES;
				SDKROOT = iphoneos;
				SWIFT_ACTIVE_COMPILATION_CONDITIONS = DEBUG;
				SWIFT_OPTIMIZATION_LEVEL = "-Onone";
			};
			name = Debug;
		};
		83CD56D825DE39A100DE1741 /* Release */ = {
			isa = XCBuildConfiguration;
			buildSettings = {
				ALWAYS_SEARCH_USER_PATHS = NO;
				CLANG_ANALYZER_NONNULL = YES;
				CLANG_ANALYZER_NUMBER_OBJECT_CONVERSION = YES_AGGRESSIVE;
				CLANG_CXX_LANGUAGE_STANDARD = "gnu++14";
				CLANG_CXX_LIBRARY = "libc++";
				CLANG_ENABLE_MODULES = YES;
				CLANG_ENABLE_OBJC_ARC = YES;
				CLANG_ENABLE_OBJC_WEAK = YES;
				CLANG_WARN_BLOCK_CAPTURE_AUTORELEASING = YES;
				CLANG_WARN_BOOL_CONVERSION = YES;
				CLANG_WARN_COMMA = YES;
				CLANG_WARN_CONSTANT_CONVERSION = YES;
				CLANG_WARN_DEPRECATED_OBJC_IMPLEMENTATIONS = YES;
				CLANG_WARN_DIRECT_OBJC_ISA_USAGE = YES_ERROR;
				CLANG_WARN_DOCUMENTATION_COMMENTS = YES;
				CLANG_WARN_EMPTY_BODY = YES;
				CLANG_WARN_ENUM_CONVERSION = YES;
				CLANG_WARN_INFINITE_RECURSION = YES;
				CLANG_WARN_INT_CONVERSION = YES;
				CLANG_WARN_NON_LITERAL_NULL_CONVERSION = YES;
				CLANG_WARN_OBJC_IMPLICIT_RETAIN_SELF = YES;
				CLANG_WARN_OBJC_LITERAL_CONVERSION = YES;
				CLANG_WARN_OBJC_ROOT_CLASS = YES_ERROR;
				CLANG_WARN_QUOTED_INCLUDE_IN_FRAMEWORK_HEADER = YES;
				CLANG_WARN_RANGE_LOOP_ANALYSIS = YES;
				CLANG_WARN_STRICT_PROTOTYPES = YES;
				CLANG_WARN_SUSPICIOUS_MOVE = YES;
				CLANG_WARN_UNGUARDED_AVAILABILITY = YES_AGGRESSIVE;
				CLANG_WARN_UNREACHABLE_CODE = YES;
				CLANG_WARN__DUPLICATE_METHOD_MATCH = YES;
				COPY_PHASE_STRIP = NO;
				DEBUG_INFORMATION_FORMAT = "dwarf-with-dsym";
				ENABLE_NS_ASSERTIONS = NO;
				ENABLE_STRICT_OBJC_MSGSEND = YES;
				GCC_C_LANGUAGE_STANDARD = gnu11;
				GCC_NO_COMMON_BLOCKS = YES;
				GCC_WARN_64_TO_32_BIT_CONVERSION = YES;
				GCC_WARN_ABOUT_RETURN_TYPE = YES_ERROR;
				GCC_WARN_UNDECLARED_SELECTOR = YES;
				GCC_WARN_UNINITIALIZED_AUTOS = YES_AGGRESSIVE;
				GCC_WARN_UNUSED_FUNCTION = YES;
				GCC_WARN_UNUSED_VARIABLE = YES;
				IPHONEOS_DEPLOYMENT_TARGET = 14.3;
				MTL_ENABLE_DEBUG_INFO = NO;
				MTL_FAST_MATH = YES;
				SDKROOT = iphoneos;
				SWIFT_COMPILATION_MODE = wholemodule;
				SWIFT_OPTIMIZATION_LEVEL = "-O";
				VALIDATE_PRODUCT = YES;
			};
			name = Release;
		};
		83CD56DA25DE39A100DE1741 /* Debug */ = {
			isa = XCBuildConfiguration;
			buildSettings = {
				ASSETCATALOG_COMPILER_APPICON_NAME = AppIcon;
				ASSETCATALOG_COMPILER_GLOBAL_ACCENT_COLOR_NAME = AccentColor;
				CODE_SIGN_STYLE = Automatic;
				DEVELOPMENT_ASSET_PATHS = "\"SwiftUILearning/Preview Content\"";
				ENABLE_PREVIEWS = YES;
				INFOPLIST_FILE = SwiftUILearning/Info.plist;
				LD_RUNPATH_SEARCH_PATHS = (
					"$(inherited)",
					"@executable_path/Frameworks",
				);
				PRODUCT_BUNDLE_IDENTIFIER = com.rohit.SwiftUILearning;
				PRODUCT_NAME = "$(TARGET_NAME)";
				SWIFT_VERSION = 5.0;
				TARGETED_DEVICE_FAMILY = "1,2";
			};
			name = Debug;
		};
		83CD56DB25DE39A100DE1741 /* Release */ = {
			isa = XCBuildConfiguration;
			buildSettings = {
				ASSETCATALOG_COMPILER_APPICON_NAME = AppIcon;
				ASSETCATALOG_COMPILER_GLOBAL_ACCENT_COLOR_NAME = AccentColor;
				CODE_SIGN_STYLE = Automatic;
				DEVELOPMENT_ASSET_PATHS = "\"SwiftUILearning/Preview Content\"";
				ENABLE_PREVIEWS = YES;
				INFOPLIST_FILE = SwiftUILearning/Info.plist;
				LD_RUNPATH_SEARCH_PATHS = (
					"$(inherited)",
					"@executable_path/Frameworks",
				);
				PRODUCT_BUNDLE_IDENTIFIER = com.rohit.SwiftUILearning;
				PRODUCT_NAME = "$(TARGET_NAME)";
				SWIFT_VERSION = 5.0;
				TARGETED_DEVICE_FAMILY = "1,2";
			};
			name = Release;
		};
/* End XCBuildConfiguration section */

/* Begin XCConfigurationList section */
		83CD56C025DE399F00DE1741 /* Build configuration list for PBXProject "SwiftUILearning" */ = {
			isa = XCConfigurationList;
			buildConfigurations = (
				83CD56D725DE39A100DE1741 /* Debug */,
				83CD56D825DE39A100DE1741 /* Release */,
			);
			defaultConfigurationIsVisible = 0;
			defaultConfigurationName = Release;
		};
		83CD56D925DE39A100DE1741 /* Build configuration list for PBXNativeTarget "SwiftUILearning" */ = {
			isa = XCConfigurationList;
			buildConfigurations = (
				83CD56DA25DE39A100DE1741 /* Debug */,
				83CD56DB25DE39A100DE1741 /* Release */,
			);
			defaultConfigurationIsVisible = 0;
			defaultConfigurationName = Release;
		};
/* End XCConfigurationList section */

/* Begin XCVersionGroup section */
		83CD56DD25DE3AA500DE1741 /* inv.xcdatamodeld */ = {
			isa = XCVersionGroup;
			children = (
				83CD56DE25DE3AA500DE1741 /* inv.xcdatamodel */,
			);
			currentVersion = 83CD56DE25DE3AA500DE1741 /* inv.xcdatamodel */;
			path = inv.xcdatamodeld;
			sourceTree = "<group>";
			versionGroupType = wrapper.xcdatamodel;
		};
/* End XCVersionGroup section */
	};
	rootObject = 83CD56BD25DE399F00DE1741 /* Project object */;
}
